
Microsoft Visual Studio Solution File, Format Version 12.00
# Visual Studio Version 16
VisualStudioVersion = 16.0.29728.190
MinimumVisualStudioVersion = 10.0.40219.1
Project("{FAE04EC0-301F-11D3-BF4B-00C04F79EFBC}") = "Market", "Market.csproj", "{90A8A9E8-34BC-4FCA-AF4D-6F277863025A}"
EndProject
Project("{FAE04EC0-301F-11D3-BF4B-00C04F79EFBC}") = "DemoMarket", "..\DemoMarket\DemoMarket.csproj", "{0F98C23E-D365-4876-A48A-5FFA03186B60}"
EndProject
Global
	GlobalSection(SolutionConfigurationPlatforms) = preSolution
		Debug|Any CPU = Debug|Any CPU
		Release|Any CPU = Release|Any CPU
	EndGlobalSection
	GlobalSection(ProjectConfigurationPlatforms) = postSolution
		{90A8A9E8-34BC-4FCA-AF4D-6F277863025A}.Debug|Any CPU.ActiveCfg = Debug|Any CPU
		{90A8A9E8-34BC-4FCA-AF4D-6F277863025A}.Debug|Any CPU.Build.0 = Debug|Any CPU
		{90A8A9E8-34BC-4FCA-AF4D-6F277863025A}.Release|Any CPU.ActiveCfg = Release|Any CPU
		{90A8A9E8-34BC-4FCA-AF4D-6F277863025A}.Release|Any CPU.Build.0 = Release|Any CPU
		{0F98C23E-D365-4876-A48A-5FFA03186B60}.Debug|Any CPU.ActiveCfg = Debug|Any CPU
		{0F98C23E-D365-4876-A48A-5FFA03186B60}.Debug|Any CPU.Build.0 = Debug|Any CPU
		{0F98C23E-D365-4876-A48A-5FFA03186B60}.Release|Any CPU.ActiveCfg = Release|Any CPU
		{0F98C23E-D365-4876-A48A-5FFA03186B60}.Release|Any CPU.Build.0 = Release|Any CPU
	EndGlobalSection
	GlobalSection(SolutionProperties) = preSolution
		HideSolutionNode = FALSE
	EndGlobalSection
	GlobalSection(ExtensibilityGlobals) = postSolution
		SolutionGuid = {CFD3518B-BE27-4FD4-A278-7EB8E071A33D}
	EndGlobalSection
EndGlobal
